
Microsoft Visual Studio Solution File, Format Version 12.00
# Visual Studio Version 17
VisualStudioVersion = 17.5.002.0
MinimumVisualStudioVersion = 10.0.40219.1
Project("{9A19103F-16F7-4668-BE54-9A1E7A4F7556}") = "Test_Dev", "Test_Dev.csproj", "{A9C44FAC-5038-43C6-AD86-216EE87CC171}"
EndProject
Global
	GlobalSection(SolutionConfigurationPlatforms) = preSolution
		Debug|Any CPU = Debug|Any CPU
		Release|Any CPU = Release|Any CPU
	EndGlobalSection
	GlobalSection(ProjectConfigurationPlatforms) = postSolution
		{A9C44FAC-5038-43C6-AD86-216EE87CC171}.Debug|Any CPU.ActiveCfg = Debug|Any CPU
		{A9C44FAC-5038-43C6-AD86-216EE87CC171}.Debug|Any CPU.Build.0 = Debug|Any CPU
		{A9C44FAC-5038-43C6-AD86-216EE87CC171}.Release|Any CPU.ActiveCfg = Release|Any CPU
		{A9C44FAC-5038-43C6-AD86-216EE87CC171}.Release|Any CPU.Build.0 = Release|Any CPU
	EndGlobalSection
	GlobalSection(SolutionProperties) = preSolution
		HideSolutionNode = FALSE
	EndGlobalSection
	GlobalSection(ExtensibilityGlobals) = postSolution
		SolutionGuid = {0B480617-484A-443D-81E1-6E552D6387B8}
	EndGlobalSection
EndGlobal
